// !$*UTF8*$!
{
	archiveVersion = 1;
	classes = {
	};
	objectVersion = 51;
	objects = {

/* Begin PBXBuildFile section */
		DE44B44F2445928F00D79D94 /* AppDelegate.swift in Sources */ = {isa = PBXBuildFile; fileRef = DE44B44E2445928F00D79D94 /* AppDelegate.swift */; };
		DE44B4512445928F00D79D94 /* SceneDelegate.swift in Sources */ = {isa = PBXBuildFile; fileRef = DE44B4502445928F00D79D94 /* SceneDelegate.swift */; };
		DE44B4532445928F00D79D94 /* ViewController.swift in Sources */ = {isa = PBXBuildFile; fileRef = DE44B4522445928F00D79D94 /* ViewController.swift */; };
		DE44B4562445928F00D79D94 /* Main.storyboard in Resources */ = {isa = PBXBuildFile; fileRef = DE44B4542445928F00D79D94 /* Main.storyboard */; };
		DE44B4582445929900D79D94 /* Assets.xcassets in Resources */ = {isa = PBXBuildFile; fileRef = DE44B4572445929900D79D94 /* Assets.xcassets */; };
		DE44B45B2445929900D79D94 /* LaunchScreen.storyboard in Resources */ = {isa = PBXBuildFile; fileRef = DE44B4592445929900D79D94 /* LaunchScreen.storyboard */; };
		DED670E92445997E002B9F2B /* CovidModel.swift in Sources */ = {isa = PBXBuildFile; fileRef = DED670E82445997E002B9F2B /* CovidModel.swift */; };
		DED670EB24459E00002B9F2B /* data.swift in Sources */ = {isa = PBXBuildFile; fileRef = DED670EA24459E00002B9F2B /* data.swift */; };
		E7454CB850D7115551281A40 /* Pods_Covid19_Tracker.framework in Frameworks */ = {isa = PBXBuildFile; fileRef = 6503FE87F3ADEA75C2EA4F00 /* Pods_Covid19_Tracker.framework */; };
/* End PBXBuildFile section */

/* Begin PBXFileReference section */
		1EF4569AEA0F9535FA9BEEBA /* Pods-Covid19-Tracker.release.xcconfig */ = {isa = PBXFileReference; includeInIndex = 1; lastKnownFileType = text.xcconfig; name = "Pods-Covid19-Tracker.release.xcconfig"; path = "Target Support Files/Pods-Covid19-Tracker/Pods-Covid19-Tracker.release.xcconfig"; sourceTree = "<group>"; };
		6503FE87F3ADEA75C2EA4F00 /* Pods_Covid19_Tracker.framework */ = {isa = PBXFileReference; explicitFileType = wrapper.framework; includeInIndex = 0; path = Pods_Covid19_Tracker.framework; sourceTree = BUILT_PRODUCTS_DIR; };
		6E30DFD3330E58DFA9F84DB6 /* Pods-Covid19-Tracker.debug.xcconfig */ = {isa = PBXFileReference; includeInIndex = 1; lastKnownFileType = text.xcconfig; name = "Pods-Covid19-Tracker.debug.xcconfig"; path = "Target Support Files/Pods-Covid19-Tracker/Pods-Covid19-Tracker.debug.xcconfig"; sourceTree = "<group>"; };
		DE44B44B2445928F00D79D94 /* Covid19-Tracker.app */ = {isa = PBXFileReference; explicitFileType = wrapper.application; includeInIndex = 0; path = "Covid19-Tracker.app"; sourceTree = BUILT_PRODUCTS_DIR; };
		DE44B44E2445928F00D79D94 /* AppDelegate.swift */ = {isa = PBXFileReference; lastKnownFileType = sourcecode.swift; path = AppDelegate.swift; sourceTree = "<group>"; };
		DE44B4502445928F00D79D94 /* SceneDelegate.swift */ = {isa = PBXFileReference; lastKnownFileType = sourcecode.swift; path = SceneDelegate.swift; sourceTree = "<group>"; };
		DE44B4522445928F00D79D94 /* ViewController.swift */ = {isa = PBXFileReference; lastKnownFileType = sourcecode.swift; path = ViewController.swift; sourceTree = "<group>"; };
		DE44B4552445928F00D79D94 /* Base */ = {isa = PBXFileReference; lastKnownFileType = file.storyboard; name = Base; path = Base.lproj/Main.storyboard; sourceTree = "<group>"; };
		DE44B4572445929900D79D94 /* Assets.xcassets */ = {isa = PBXFileReference; lastKnownFileType = folder.assetcatalog; path = Assets.xcassets; sourceTree = "<group>"; };
		DE44B45A2445929900D79D94 /* Base */ = {isa = PBXFileReference; lastKnownFileType = file.storyboard; name = Base; path = Base.lproj/LaunchScreen.storyboard; sourceTree = "<group>"; };
		DE44B45C2445929900D79D94 /* Info.plist */ = {isa = PBXFileReference; lastKnownFileType = text.plist.xml; path = Info.plist; sourceTree = "<group>"; };
		DED670E82445997E002B9F2B /* CovidModel.swift */ = {isa = PBXFileReference; lastKnownFileType = sourcecode.swift; path = CovidModel.swift; sourceTree = "<group>"; };
		DED670EA24459E00002B9F2B /* data.swift */ = {isa = PBXFileReference; lastKnownFileType = sourcecode.swift; path = data.swift; sourceTree = "<group>"; };
/* End PBXFileReference section */

/* Begin PBXFrameworksBuildPhase section */
		DE44B4482445928F00D79D94 /* Frameworks */ = {
			isa = PBXFrameworksBuildPhase;
			buildActionMask = 2147483647;
			files = (
				E7454CB850D7115551281A40 /* Pods_Covid19_Tracker.framework in Frameworks */,
			);
			runOnlyForDeploymentPostprocessing = 0;
		};
/* End PBXFrameworksBuildPhase section */

/* Begin PBXGroup section */
		29CA8C1E7551C096B7C2F0BF /* Frameworks */ = {
			isa = PBXGroup;
			children = (
				6503FE87F3ADEA75C2EA4F00 /* Pods_Covid19_Tracker.framework */,
			);
			name = Frameworks;
			sourceTree = "<group>";
		};
		65D1537E5C3144AA80B706B5 /* Pods */ = {
			isa = PBXGroup;
			children = (
				6E30DFD3330E58DFA9F84DB6 /* Pods-Covid19-Tracker.debug.xcconfig */,
				1EF4569AEA0F9535FA9BEEBA /* Pods-Covid19-Tracker.release.xcconfig */,
			);
			path = Pods;
			sourceTree = "<group>";
		};
		DE44B4422445928E00D79D94 = {
			isa = PBXGroup;
			children = (
				DE44B44D2445928F00D79D94 /* Covid19-Tracker */,
				DE44B44C2445928F00D79D94 /* Products */,
				65D1537E5C3144AA80B706B5 /* Pods */,
				29CA8C1E7551C096B7C2F0BF /* Frameworks */,
			);
			sourceTree = "<group>";
		};
		DE44B44C2445928F00D79D94 /* Products */ = {
			isa = PBXGroup;
			children = (
				DE44B44B2445928F00D79D94 /* Covid19-Tracker.app */,
			);
			name = Products;
			sourceTree = "<group>";
		};
		DE44B44D2445928F00D79D94 /* Covid19-Tracker */ = {
			isa = PBXGroup;
			children = (
				DE44B44E2445928F00D79D94 /* AppDelegate.swift */,
				DE44B4502445928F00D79D94 /* SceneDelegate.swift */,
				DE44B4522445928F00D79D94 /* ViewController.swift */,
				DE44B4542445928F00D79D94 /* Main.storyboard */,
				DE44B4572445929900D79D94 /* Assets.xcassets */,
				DE44B4592445929900D79D94 /* LaunchScreen.storyboard */,
				DE44B45C2445929900D79D94 /* Info.plist */,
				DED670E82445997E002B9F2B /* CovidModel.swift */,
				DED670EA24459E00002B9F2B /* data.swift */,
			);
			path = "Covid19-Tracker";
			sourceTree = "<group>";
		};
/* End PBXGroup section */

/* Begin PBXNativeTarget section */
		DE44B44A2445928F00D79D94 /* Covid19-Tracker */ = {
			isa = PBXNativeTarget;
			buildConfigurationList = DE44B45F2445929A00D79D94 /* Build configuration list for PBXNativeTarget "Covid19-Tracker" */;
			buildPhases = (
				6B24AEC263A0C06DCDB96825 /* [CP] Check Pods Manifest.lock */,
				DE44B4472445928F00D79D94 /* Sources */,
				DE44B4482445928F00D79D94 /* Frameworks */,
				DE44B4492445928F00D79D94 /* Resources */,
				868C6DB89F1CA4229375D51C /* [CP] Embed Pods Frameworks */,
			);
			buildRules = (
			);
			dependencies = (
			);
			name = "Covid19-Tracker";
			productName = "Covid19-Tracker";
			productReference = DE44B44B2445928F00D79D94 /* Covid19-Tracker.app */;
			productType = "com.apple.product-type.application";
		};
/* End PBXNativeTarget section */

/* Begin PBXProject section */
		DE44B4432445928E00D79D94 /* Project object */ = {
			isa = PBXProject;
			attributes = {
				LastSwiftUpdateCheck = 1140;
				LastUpgradeCheck = 1140;
				ORGANIZATIONNAME = paritosh;
				TargetAttributes = {
					DE44B44A2445928F00D79D94 = {
						CreatedOnToolsVersion = 11.4;
					};
				};
			};
			buildConfigurationList = DE44B4462445928F00D79D94 /* Build configuration list for PBXProject "Covid19-Tracker" */;
			compatibilityVersion = "Xcode 9.3";
			developmentRegion = en;
			hasScannedForEncodings = 0;
			knownRegions = (
				en,
				Base,
			);
			mainGroup = DE44B4422445928E00D79D94;
			productRefGroup = DE44B44C2445928F00D79D94 /* Products */;
			projectDirPath = "";
			projectRoot = "";
			targets = (
				DE44B44A2445928F00D79D94 /* Covid19-Tracker */,
			);
		};
/* End PBXProject section */

/* Begin PBXResourcesBuildPhase section */
		DE44B4492445928F00D79D94 /* Resources */ = {
			isa = PBXResourcesBuildPhase;
			buildActionMask = 2147483647;
			files = (
				DE44B45B2445929900D79D94 /* LaunchScreen.storyboard in Resources */,
				DE44B4582445929900D79D94 /* Assets.xcassets in Resources */,
				DE44B4562445928F00D79D94 /* Main.storyboard in Resources */,
			);
			runOnlyForDeploymentPostprocessing = 0;
		};
/* End PBXResourcesBuildPhase section */

/* Begin PBXShellScriptBuildPhase section */
		6B24AEC263A0C06DCDB96825 /* [CP] Check Pods Manifest.lock */ = {
			isa = PBXShellScriptBuildPhase;
			buildActionMask = 2147483647;
			files = (
			);
			inputFileListPaths = (
			);
			inputPaths = (
				"${PODS_PODFILE_DIR_PATH}/Podfile.lock",
				"${PODS_ROOT}/Manifest.lock",
			);
			name = "[CP] Check Pods Manifest.lock";
			outputFileListPaths = (
			);
			outputPaths = (
				"$(DERIVED_FILE_DIR)/Pods-Covid19-Tracker-checkManifestLockResult.txt",
			);
			runOnlyForDeploymentPostprocessing = 0;
			shellPath = /bin/sh;
			shellScript = "diff \"${PODS_PODFILE_DIR_PATH}/Podfile.lock\" \"${PODS_ROOT}/Manifest.lock\" > /dev/null\nif [ $? != 0 ] ; then\n    # print error to STDERR\n    echo \"error: The sandbox is not in sync with the Podfile.lock. Run 'pod install' or update your CocoaPods installation.\" >&2\n    exit 1\nfi\n# This output is used by Xcode 'outputs' to avoid re-running this script phase.\necho \"SUCCESS\" > \"${SCRIPT_OUTPUT_FILE_0}\"\n";
			showEnvVarsInLog = 0;
		};
		868C6DB89F1CA4229375D51C /* [CP] Embed Pods Frameworks */ = {
			isa = PBXShellScriptBuildPhase;
			buildActionMask = 2147483647;
			files = (
			);
			inputFileListPaths = (
				"${PODS_ROOT}/Target Support Files/Pods-Covid19-Tracker/Pods-Covid19-Tracker-frameworks-${CONFIGURATION}-input-files.xcfilelist",
			);
			name = "[CP] Embed Pods Frameworks";
			outputFileListPaths = (
				"${PODS_ROOT}/Target Support Files/Pods-Covid19-Tracker/Pods-Covid19-Tracker-frameworks-${CONFIGURATION}-output-files.xcfilelist",
			);
			runOnlyForDeploymentPostprocessing = 0;
			shellPath = /bin/sh;
			shellScript = "\"${PODS_ROOT}/Target Support Files/Pods-Covid19-Tracker/Pods-Covid19-Tracker-frameworks.sh\"\n";
			showEnvVarsInLog = 0;
		};
/* End PBXShellScriptBuildPhase section */

/* Begin PBXSourcesBuildPhase section */
		DE44B4472445928F00D79D94 /* Sources */ = {
			isa = PBXSourcesBuildPhase;
			buildActionMask = 2147483647;
			files = (
				DE44B4532445928F00D79D94 /* ViewController.swift in Sources */,
				DED670E92445997E002B9F2B /* CovidModel.swift in Sources */,
				DE44B44F2445928F00D79D94 /* AppDelegate.swift in Sources */,
				DED670EB24459E00002B9F2B /* data.swift in Sources */,
				DE44B4512445928F00D79D94 /* SceneDelegate.swift in Sources */,
			);
			runOnlyForDeploymentPostprocessing = 0;
		};
/* End PBXSourcesBuildPhase section */

/* Begin PBXVariantGroup section */
		DE44B4542445928F00D79D94 /* Main.storyboard */ = {
			isa = PBXVariantGroup;
			children = (
				DE44B4552445928F00D79D94 /* Base */,
			);
			name = Main.storyboard;
			sourceTree = "<group>";
		};
		DE44B4592445929900D79D94 /* LaunchScreen.storyboard */ = {
			isa = PBXVariantGroup;
			children = (
				DE44B45A2445929900D79D94 /* Base */,
			);
			name = LaunchScreen.storyboard;
			sourceTree = "<group>";
		};
/* End PBXVariantGroup section */

/* Begin XCBuildConfiguration section */
		DE44B45D2445929900D79D94 /* Debug */ = {
			isa = XCBuildConfiguration;
			buildSettings = {
				ALWAYS_SEARCH_USER_PATHS = NO;
				CLANG_ANALYZER_NONNULL = YES;
				CLANG_ANALYZER_NUMBER_OBJECT_CONVERSION = YES_AGGRESSIVE;
				CLANG_CXX_LANGUAGE_STANDARD = "gnu++14";
				CLANG_CXX_LIBRARY = "libc++";
				CLANG_ENABLE_MODULES = YES;
				CLANG_ENABLE_OBJC_ARC = YES;
				CLANG_ENABLE_OBJC_WEAK = YES;
				CLANG_WARN_BLOCK_CAPTURE_AUTORELEASING = YES;
				CLANG_WARN_BOOL_CONVERSION = YES;
				CLANG_WARN_COMMA = YES;
				CLANG_WARN_CONSTANT_CONVERSION = YES;
				CLANG_WARN_DEPRECATED_OBJC_IMPLEMENTATIONS = YES;
				CLANG_WARN_DIRECT_OBJC_ISA_USAGE = YES_ERROR;
				CLANG_WARN_DOCUMENTATION_COMMENTS = YES;
				CLANG_WARN_EMPTY_BODY = YES;
				CLANG_WARN_ENUM_CONVERSION = YES;
				CLANG_WARN_INFINITE_RECURSION = YES;
				CLANG_WARN_INT_CONVERSION = YES;
				CLANG_WARN_NON_LITERAL_NULL_CONVERSION = YES;
				CLANG_WARN_OBJC_IMPLICIT_RETAIN_SELF = YES;
				CLANG_WARN_OBJC_LITERAL_CONVERSION = YES;
				CLANG_WARN_OBJC_ROOT_CLASS = YES_ERROR;
				CLANG_WARN_RANGE_LOOP_ANALYSIS = YES;
				CLANG_WARN_STRICT_PROTOTYPES = YES;
				CLANG_WARN_SUSPICIOUS_MOVE = YES;
				CLANG_WARN_UNGUARDED_AVAILABILITY = YES_AGGRESSIVE;
				CLANG_WARN_UNREACHABLE_CODE = YES;
				CLANG_WARN__DUPLICATE_METHOD_MATCH = YES;
				COPY_PHASE_STRIP = NO;
				DEBUG_INFORMATION_FORMAT = dwarf;
				ENABLE_STRICT_OBJC_MSGSEND = YES;
				ENABLE_TESTABILITY = YES;
				GCC_C_LANGUAGE_STANDARD = gnu11;
				GCC_DYNAMIC_NO_PIC = NO;
				GCC_NO_COMMON_BLOCKS = YES;
				GCC_OPTIMIZATION_LEVEL = 0;
				GCC_PREPROCESSOR_DEFINITIONS = (
					"DEBUG=1",
					"$(inherited)",
				);
				GCC_WARN_64_TO_32_BIT_CONVERSION = YES;
				GCC_WARN_ABOUT_RETURN_TYPE = YES_ERROR;
				GCC_WARN_UNDECLARED_SELECTOR = YES;
				GCC_WARN_UNINITIALIZED_AUTOS = YES_AGGRESSIVE;
				GCC_WARN_UNUSED_FUNCTION = YES;
				GCC_WARN_UNUSED_VARIABLE = YES;
				IPHONEOS_DEPLOYMENT_TARGET = 13.4;
				MTL_ENABLE_DEBUG_INFO = INCLUDE_SOURCE;
				MTL_FAST_MATH = YES;
				ONLY_ACTIVE_ARCH = YES;
				SDKROOT = iphoneos;
				SWIFT_ACTIVE_COMPILATION_CONDITIONS = DEBUG;
				SWIFT_OPTIMIZATION_LEVEL = "-Onone";
			};
			name = Debug;
		};
		DE44B45E2445929900D79D94 /* Release */ = {
			isa = XCBuildConfiguration;
			buildSettings = {
				ALWAYS_SEARCH_USER_PATHS = NO;
				CLANG_ANALYZER_NONNULL = YES;
				CLANG_ANALYZER_NUMBER_OBJECT_CONVERSION = YES_AGGRESSIVE;
				CLANG_CXX_LANGUAGE_STANDARD = "gnu++14";
				CLANG_CXX_LIBRARY = "libc++";
				CLANG_ENABLE_MODULES = YES;
				CLANG_ENABLE_OBJC_ARC = YES;
				CLANG_ENABLE_OBJC_WEAK = YES;
				CLANG_WARN_BLOCK_CAPTURE_AUTORELEASING = YES;
				CLANG_WARN_BOOL_CONVERSION = YES;
				CLANG_WARN_COMMA = YES;
				CLANG_WARN_CONSTANT_CONVERSION = YES;
				CLANG_WARN_DEPRECATED_OBJC_IMPLEMENTATIONS = YES;
				CLANG_WARN_DIRECT_OBJC_ISA_USAGE = YES_ERROR;
				CLANG_WARN_DOCUMENTATION_COMMENTS = YES;
				CLANG_WARN_EMPTY_BODY = YES;
				CLANG_WARN_ENUM_CONVERSION = YES;
				CLANG_WARN_INFINITE_RECURSION = YES;
				CLANG_WARN_INT_CONVERSION = YES;
				CLANG_WARN_NON_LITERAL_NULL_CONVERSION = YES;
				CLANG_WARN_OBJC_IMPLICIT_RETAIN_SELF = YES;
				CLANG_WARN_OBJC_LITERAL_CONVERSION = YES;
				CLANG_WARN_OBJC_ROOT_CLASS = YES_ERROR;
				CLANG_WARN_RANGE_LOOP_ANALYSIS = YES;
				CLANG_WARN_STRICT_PROTOTYPES = YES;
				CLANG_WARN_SUSPICIOUS_MOVE = YES;
				CLANG_WARN_UNGUARDED_AVAILABILITY = YES_AGGRESSIVE;
				CLANG_WARN_UNREACHABLE_CODE = YES;
				CLANG_WARN__DUPLICATE_METHOD_MATCH = YES;
				COPY_PHASE_STRIP = NO;
				DEBUG_INFORMATION_FORMAT = "dwarf-with-dsym";
				ENABLE_NS_ASSERTIONS = NO;
				ENABLE_STRICT_OBJC_MSGSEND = YES;
				GCC_C_LANGUAGE_STANDARD = gnu11;
				GCC_NO_COMMON_BLOCKS = YES;
				GCC_WARN_64_TO_32_BIT_CONVERSION = YES;
				GCC_WARN_ABOUT_RETURN_TYPE = YES_ERROR;
				GCC_WARN_UNDECLARED_SELECTOR = YES;
				GCC_WARN_UNINITIALIZED_AUTOS = YES_AGGRESSIVE;
				GCC_WARN_UNUSED_FUNCTION = YES;
				GCC_WARN_UNUSED_VARIABLE = YES;
				IPHONEOS_DEPLOYMENT_TARGET = 13.4;
				MTL_ENABLE_DEBUG_INFO = NO;
				MTL_FAST_MATH = YES;
				SDKROOT = iphoneos;
				SWIFT_COMPILATION_MODE = wholemodule;
				SWIFT_OPTIMIZATION_LEVEL = "-O";
				VALIDATE_PRODUCT = YES;
			};
			name = Release;
		};
		DE44B4602445929A00D79D94 /* Debug */ = {
			isa = XCBuildConfiguration;
			baseConfigurationReference = 6E30DFD3330E58DFA9F84DB6 /* Pods-Covid19-Tracker.debug.xcconfig */;
			buildSettings = {
				ASSETCATALOG_COMPILER_APPICON_NAME = AppIcon;
				CODE_SIGN_STYLE = Automatic;
				DEVELOPMENT_TEAM = 44X85K4H88;
				INFOPLIST_FILE = "Covid19-Tracker/Info.plist";
				LD_RUNPATH_SEARCH_PATHS = (
					"$(inherited)",
					"@executable_path/Frameworks",
				);
				PRODUCT_BUNDLE_IDENTIFIER = "com.pgames.Covid19-Tracker";
				PRODUCT_NAME = "$(TARGET_NAME)";
				SWIFT_VERSION = 5.0;
				TARGETED_DEVICE_FAMILY = "1,2";
			};
			name = Debug;
		};
		DE44B4612445929A00D79D94 /* Release */ = {
			isa = XCBuildConfiguration;
			baseConfigurationReference = 1EF4569AEA0F9535FA9BEEBA /* Pods-Covid19-Tracker.release.xcconfig */;
			buildSettings = {
				ASSETCATALOG_COMPILER_APPICON_NAME = AppIcon;
				CODE_SIGN_STYLE = Automatic;
				DEVELOPMENT_TEAM = 44X85K4H88;
				INFOPLIST_FILE = "Covid19-Tracker/Info.plist";
				LD_RUNPATH_SEARCH_PATHS = (
					"$(inherited)",
					"@executable_path/Frameworks",
				);
				PRODUCT_BUNDLE_IDENTIFIER = "com.pgames.Covid19-Tracker";
				PRODUCT_NAME = "$(TARGET_NAME)";
				SWIFT_VERSION = 5.0;
				TARGETED_DEVICE_FAMILY = "1,2";
			};
			name = Release;
		};
/* End XCBuildConfiguration section */

/* Begin XCConfigurationList section */
		DE44B4462445928F00D79D94 /* Build configuration list for PBXProject "Covid19-Tracker" */ = {
			isa = XCConfigurationList;
			buildConfigurations = (
				DE44B45D2445929900D79D94 /* Debug */,
				DE44B45E2445929900D79D94 /* Release */,
			);
			defaultConfigurationIsVisible = 0;
			defaultConfigurationName = Release;
		};
		DE44B45F2445929A00D79D94 /* Build configuration list for PBXNativeTarget "Covid19-Tracker" */ = {
			isa = XCConfigurationList;
			buildConfigurations = (
				DE44B4602445929A00D79D94 /* Debug */,
				DE44B4612445929A00D79D94 /* Release */,
			);
			defaultConfigurationIsVisible = 0;
			defaultConfigurationName = Release;
		};
/* End XCConfigurationList section */
	};
	rootObject = DE44B4432445928E00D79D94 /* Project object */;
}
